// !$*UTF8*$!
{
	archiveVersion = 1;
	classes = {
	};
	objectVersion = 50;
	objects = {

/* Begin PBXBuildFile section */
		A97DAF7724A36F4C00918952 /* Tests_iOS.swift in Sources */ = {isa = PBXBuildFile; fileRef = A97DAF7624A36F4C00918952 /* Tests_iOS.swift */; };
		A97DAF8224A36F4C00918952 /* Tests_macOS.swift in Sources */ = {isa = PBXBuildFile; fileRef = A97DAF8124A36F4C00918952 /* Tests_macOS.swift */; };
		A97DAF8424A36F4C00918952 /* GridCompositionalViewApp.swift in Sources */ = {isa = PBXBuildFile; fileRef = A97DAF5B24A36F4B00918952 /* GridCompositionalViewApp.swift */; };
		A97DAF8524A36F4C00918952 /* GridCompositionalViewApp.swift in Sources */ = {isa = PBXBuildFile; fileRef = A97DAF5B24A36F4B00918952 /* GridCompositionalViewApp.swift */; };
		A97DAF8624A36F4C00918952 /* ContentView.swift in Sources */ = {isa = PBXBuildFile; fileRef = A97DAF5C24A36F4B00918952 /* ContentView.swift */; };
		A97DAF8724A36F4C00918952 /* ContentView.swift in Sources */ = {isa = PBXBuildFile; fileRef = A97DAF5C24A36F4B00918952 /* ContentView.swift */; };
		A97DAF8824A36F4C00918952 /* Assets.xcassets in Resources */ = {isa = PBXBuildFile; fileRef = A97DAF5D24A36F4B00918952 /* Assets.xcassets */; };
		A97DAF8924A36F4C00918952 /* Assets.xcassets in Resources */ = {isa = PBXBuildFile; fileRef = A97DAF5D24A36F4B00918952 /* Assets.xcassets */; };
/* End PBXBuildFile section */

/* Begin PBXContainerItemProxy section */
		A97DAF7324A36F4C00918952 /* PBXContainerItemProxy */ = {
			isa = PBXContainerItemProxy;
			containerPortal = A97DAF5624A36F4B00918952 /* Project object */;
			proxyType = 1;
			remoteGlobalIDString = A97DAF6124A36F4B00918952;
			remoteInfo = iOS;
		};
		A97DAF7E24A36F4C00918952 /* PBXContainerItemProxy */ = {
			isa = PBXContainerItemProxy;
			containerPortal = A97DAF5624A36F4B00918952 /* Project object */;
			proxyType = 1;
			remoteGlobalIDString = A97DAF6924A36F4B00918952;
			remoteInfo = macOS;
		};
/* End PBXContainerItemProxy section */

/* Begin PBXFileReference section */
		A97DAF5B24A36F4B00918952 /* GridCompositionalViewApp.swift */ = {isa = PBXFileReference; lastKnownFileType = sourcecode.swift; path = GridCompositionalViewApp.swift; sourceTree = "<group>"; };
		A97DAF5C24A36F4B00918952 /* ContentView.swift */ = {isa = PBXFileReference; lastKnownFileType = sourcecode.swift; path = ContentView.swift; sourceTree = "<group>"; };
		A97DAF5D24A36F4B00918952 /* Assets.xcassets */ = {isa = PBXFileReference; lastKnownFileType = folder.assetcatalog; path = Assets.xcassets; sourceTree = "<group>"; };
		A97DAF6224A36F4B00918952 /* GridCompositionalView.app */ = {isa = PBXFileReference; explicitFileType = wrapper.application; includeInIndex = 0; path = GridCompositionalView.app; sourceTree = BUILT_PRODUCTS_DIR; };
		A97DAF6524A36F4B00918952 /* Info.plist */ = {isa = PBXFileReference; lastKnownFileType = text.plist.xml; path = Info.plist; sourceTree = "<group>"; };
		A97DAF6A24A36F4B00918952 /* GridCompositionalView.app */ = {isa = PBXFileReference; explicitFileType = wrapper.application; includeInIndex = 0; path = GridCompositionalView.app; sourceTree = BUILT_PRODUCTS_DIR; };
		A97DAF6C24A36F4B00918952 /* Info.plist */ = {isa = PBXFileReference; lastKnownFileType = text.plist.xml; path = Info.plist; sourceTree = "<group>"; };
		A97DAF6D24A36F4B00918952 /* macOS.entitlements */ = {isa = PBXFileReference; lastKnownFileType = text.plist.entitlements; path = macOS.entitlements; sourceTree = "<group>"; };
		A97DAF7224A36F4C00918952 /* Tests iOS.xctest */ = {isa = PBXFileReference; explicitFileType = wrapper.cfbundle; includeInIndex = 0; path = "Tests iOS.xctest"; sourceTree = BUILT_PRODUCTS_DIR; };
		A97DAF7624A36F4C00918952 /* Tests_iOS.swift */ = {isa = PBXFileReference; lastKnownFileType = sourcecode.swift; path = Tests_iOS.swift; sourceTree = "<group>"; };
		A97DAF7824A36F4C00918952 /* Info.plist */ = {isa = PBXFileReference; lastKnownFileType = text.plist.xml; path = Info.plist; sourceTree = "<group>"; };
		A97DAF7D24A36F4C00918952 /* Tests macOS.xctest */ = {isa = PBXFileReference; explicitFileType = wrapper.cfbundle; includeInIndex = 0; path = "Tests macOS.xctest"; sourceTree = BUILT_PRODUCTS_DIR; };
		A97DAF8124A36F4C00918952 /* Tests_macOS.swift */ = {isa = PBXFileReference; lastKnownFileType = sourcecode.swift; path = Tests_macOS.swift; sourceTree = "<group>"; };
		A97DAF8324A36F4C00918952 /* Info.plist */ = {isa = PBXFileReference; lastKnownFileType = text.plist.xml; path = Info.plist; sourceTree = "<group>"; };
/* End PBXFileReference section */

/* Begin PBXFrameworksBuildPhase section */
		A97DAF5F24A36F4B00918952 /* Frameworks */ = {
			isa = PBXFrameworksBuildPhase;
			buildActionMask = 2147483647;
			files = (
			);
			runOnlyForDeploymentPostprocessing = 0;
		};
		A97DAF6724A36F4B00918952 /* Frameworks */ = {
			isa = PBXFrameworksBuildPhase;
			buildActionMask = 2147483647;
			files = (
			);
			runOnlyForDeploymentPostprocessing = 0;
		};
		A97DAF6F24A36F4C00918952 /* Frameworks */ = {
			isa = PBXFrameworksBuildPhase;
			buildActionMask = 2147483647;
			files = (
			);
			runOnlyForDeploymentPostprocessing = 0;
		};
		A97DAF7A24A36F4C00918952 /* Frameworks */ = {
			isa = PBXFrameworksBuildPhase;
			buildActionMask = 2147483647;
			files = (
			);
			runOnlyForDeploymentPostprocessing = 0;
		};
/* End PBXFrameworksBuildPhase section */

/* Begin PBXGroup section */
		A97DAF5524A36F4B00918952 = {
			isa = PBXGroup;
			children = (
				A97DAF5A24A36F4B00918952 /* Shared */,
				A97DAF6424A36F4B00918952 /* iOS */,
				A97DAF6B24A36F4B00918952 /* macOS */,
				A97DAF7524A36F4C00918952 /* Tests iOS */,
				A97DAF8024A36F4C00918952 /* Tests macOS */,
				A97DAF6324A36F4B00918952 /* Products */,
			);
			sourceTree = "<group>";
		};
		A97DAF5A24A36F4B00918952 /* Shared */ = {
			isa = PBXGroup;
			children = (
				A97DAF5B24A36F4B00918952 /* GridCompositionalViewApp.swift */,
				A97DAF5C24A36F4B00918952 /* ContentView.swift */,
				A97DAF5D24A36F4B00918952 /* Assets.xcassets */,
			);
			path = Shared;
			sourceTree = "<group>";
		};
		A97DAF6324A36F4B00918952 /* Products */ = {
			isa = PBXGroup;
			children = (
				A97DAF6224A36F4B00918952 /* GridCompositionalView.app */,
				A97DAF6A24A36F4B00918952 /* GridCompositionalView.app */,
				A97DAF7224A36F4C00918952 /* Tests iOS.xctest */,
				A97DAF7D24A36F4C00918952 /* Tests macOS.xctest */,
			);
			name = Products;
			sourceTree = "<group>";
		};
		A97DAF6424A36F4B00918952 /* iOS */ = {
			isa = PBXGroup;
			children = (
				A97DAF6524A36F4B00918952 /* Info.plist */,
			);
			path = iOS;
			sourceTree = "<group>";
		};
		A97DAF6B24A36F4B00918952 /* macOS */ = {
			isa = PBXGroup;
			children = (
				A97DAF6C24A36F4B00918952 /* Info.plist */,
				A97DAF6D24A36F4B00918952 /* macOS.entitlements */,
			);
			path = macOS;
			sourceTree = "<group>";
		};
		A97DAF7524A36F4C00918952 /* Tests iOS */ = {
			isa = PBXGroup;
			children = (
				A97DAF7624A36F4C00918952 /* Tests_iOS.swift */,
				A97DAF7824A36F4C00918952 /* Info.plist */,
			);
			path = "Tests iOS";
			sourceTree = "<group>";
		};
		A97DAF8024A36F4C00918952 /* Tests macOS */ = {
			isa = PBXGroup;
			children = (
				A97DAF8124A36F4C00918952 /* Tests_macOS.swift */,
				A97DAF8324A36F4C00918952 /* Info.plist */,
			);
			path = "Tests macOS";
			sourceTree = "<group>";
		};
/* End PBXGroup section */

/* Begin PBXNativeTarget section */
		A97DAF6124A36F4B00918952 /* iOS */ = {
			isa = PBXNativeTarget;
			buildConfigurationList = A97DAF8C24A36F4C00918952 /* Build configuration list for PBXNativeTarget "iOS" */;
			buildPhases = (
				A97DAF5E24A36F4B00918952 /* Sources */,
				A97DAF5F24A36F4B00918952 /* Frameworks */,
				A97DAF6024A36F4B00918952 /* Resources */,
			);
			buildRules = (
			);
			dependencies = (
			);
			name = iOS;
			productName = iOS;
			productReference = A97DAF6224A36F4B00918952 /* GridCompositionalView.app */;
			productType = "com.apple.product-type.application";
		};
		A97DAF6924A36F4B00918952 /* macOS */ = {
			isa = PBXNativeTarget;
			buildConfigurationList = A97DAF8F24A36F4C00918952 /* Build configuration list for PBXNativeTarget "macOS" */;
			buildPhases = (
				A97DAF6624A36F4B00918952 /* Sources */,
				A97DAF6724A36F4B00918952 /* Frameworks */,
				A97DAF6824A36F4B00918952 /* Resources */,
			);
			buildRules = (
			);
			dependencies = (
			);
			name = macOS;
			productName = macOS;
			productReference = A97DAF6A24A36F4B00918952 /* GridCompositionalView.app */;
			productType = "com.apple.product-type.application";
		};
		A97DAF7124A36F4C00918952 /* Tests iOS */ = {
			isa = PBXNativeTarget;
			buildConfigurationList = A97DAF9224A36F4C00918952 /* Build configuration list for PBXNativeTarget "Tests iOS" */;
			buildPhases = (
				A97DAF6E24A36F4C00918952 /* Sources */,
				A97DAF6F24A36F4C00918952 /* Frameworks */,
				A97DAF7024A36F4C00918952 /* Resources */,
			);
			buildRules = (
			);
			dependencies = (
				A97DAF7424A36F4C00918952 /* PBXTargetDependency */,
			);
			name = "Tests iOS";
			productName = "Tests iOS";
			productReference = A97DAF7224A36F4C00918952 /* Tests iOS.xctest */;
			productType = "com.apple.product-type.bundle.ui-testing";
		};
		A97DAF7C24A36F4C00918952 /* Tests macOS */ = {
			isa = PBXNativeTarget;
			buildConfigurationList = A97DAF9524A36F4C00918952 /* Build configuration list for PBXNativeTarget "Tests macOS" */;
			buildPhases = (
				A97DAF7924A36F4C00918952 /* Sources */,
				A97DAF7A24A36F4C00918952 /* Frameworks */,
				A97DAF7B24A36F4C00918952 /* Resources */,
			);
			buildRules = (
			);
			dependencies = (
				A97DAF7F24A36F4C00918952 /* PBXTargetDependency */,
			);
			name = "Tests macOS";
			productName = "Tests macOS";
			productReference = A97DAF7D24A36F4C00918952 /* Tests macOS.xctest */;
			productType = "com.apple.product-type.bundle.ui-testing";
		};
/* End PBXNativeTarget section */

/* Begin PBXProject section */
		A97DAF5624A36F4B00918952 /* Project object */ = {
			isa = PBXProject;
			attributes = {
				LastSwiftUpdateCheck = 1200;
				LastUpgradeCheck = 1200;
				TargetAttributes = {
					A97DAF6124A36F4B00918952 = {
						CreatedOnToolsVersion = 12.0;
					};
					A97DAF6924A36F4B00918952 = {
						CreatedOnToolsVersion = 12.0;
					};
					A97DAF7124A36F4C00918952 = {
						CreatedOnToolsVersion = 12.0;
						TestTargetID = A97DAF6124A36F4B00918952;
					};
					A97DAF7C24A36F4C00918952 = {
						CreatedOnToolsVersion = 12.0;
						TestTargetID = A97DAF6924A36F4B00918952;
					};
				};
			};
			buildConfigurationList = A97DAF5924A36F4B00918952 /* Build configuration list for PBXProject "GridCompositionalView" */;
			compatibilityVersion = "Xcode 9.3";
			developmentRegion = en;
			hasScannedForEncodings = 0;
			knownRegions = (
				en,
				Base,
			);
			mainGroup = A97DAF5524A36F4B00918952;
			productRefGroup = A97DAF6324A36F4B00918952 /* Products */;
			projectDirPath = "";
			projectRoot = "";
			targets = (
				A97DAF6124A36F4B00918952 /* iOS */,
				A97DAF6924A36F4B00918952 /* macOS */,
				A97DAF7124A36F4C00918952 /* Tests iOS */,
				A97DAF7C24A36F4C00918952 /* Tests macOS */,
			);
		};
/* End PBXProject section */

/* Begin PBXResourcesBuildPhase section */
		A97DAF6024A36F4B00918952 /* Resources */ = {
			isa = PBXResourcesBuildPhase;
			buildActionMask = 2147483647;
			files = (
				A97DAF8824A36F4C00918952 /* Assets.xcassets in Resources */,
			);
			runOnlyForDeploymentPostprocessing = 0;
		};
		A97DAF6824A36F4B00918952 /* Resources */ = {
			isa = PBXResourcesBuildPhase;
			buildActionMask = 2147483647;
			files = (
				A97DAF8924A36F4C00918952 /* Assets.xcassets in Resources */,
			);
			runOnlyForDeploymentPostprocessing = 0;
		};
		A97DAF7024A36F4C00918952 /* Resources */ = {
			isa = PBXResourcesBuildPhase;
			buildActionMask = 2147483647;
			files = (
			);
			runOnlyForDeploymentPostprocessing = 0;
		};
		A97DAF7B24A36F4C00918952 /* Resources */ = {
			isa = PBXResourcesBuildPhase;
			buildActionMask = 2147483647;
			files = (
			);
			runOnlyForDeploymentPostprocessing = 0;
		};
/* End PBXResourcesBuildPhase section */

/* Begin PBXSourcesBuildPhase section */
		A97DAF5E24A36F4B00918952 /* Sources */ = {
			isa = PBXSourcesBuildPhase;
			buildActionMask = 2147483647;
			files = (
				A97DAF8624A36F4C00918952 /* ContentView.swift in Sources */,
				A97DAF8424A36F4C00918952 /* GridCompositionalViewApp.swift in Sources */,
			);
			runOnlyForDeploymentPostprocessing = 0;
		};
		A97DAF6624A36F4B00918952 /* Sources */ = {
			isa = PBXSourcesBuildPhase;
			buildActionMask = 2147483647;
			files = (
				A97DAF8724A36F4C00918952 /* ContentView.swift in Sources */,
				A97DAF8524A36F4C00918952 /* GridCompositionalViewApp.swift in Sources */,
			);
			runOnlyForDeploymentPostprocessing = 0;
		};
		A97DAF6E24A36F4C00918952 /* Sources */ = {
			isa = PBXSourcesBuildPhase;
			buildActionMask = 2147483647;
			files = (
				A97DAF7724A36F4C00918952 /* Tests_iOS.swift in Sources */,
			);
			runOnlyForDeploymentPostprocessing = 0;
		};
		A97DAF7924A36F4C00918952 /* Sources */ = {
			isa = PBXSourcesBuildPhase;
			buildActionMask = 2147483647;
			files = (
				A97DAF8224A36F4C00918952 /* Tests_macOS.swift in Sources */,
			);
			runOnlyForDeploymentPostprocessing = 0;
		};
/* End PBXSourcesBuildPhase section */

/* Begin PBXTargetDependency section */
		A97DAF7424A36F4C00918952 /* PBXTargetDependency */ = {
			isa = PBXTargetDependency;
			target = A97DAF6124A36F4B00918952 /* iOS */;
			targetProxy = A97DAF7324A36F4C00918952 /* PBXContainerItemProxy */;
		};
		A97DAF7F24A36F4C00918952 /* PBXTargetDependency */ = {
			isa = PBXTargetDependency;
			target = A97DAF6924A36F4B00918952 /* macOS */;
			targetProxy = A97DAF7E24A36F4C00918952 /* PBXContainerItemProxy */;
		};
/* End PBXTargetDependency section */

/* Begin XCBuildConfiguration section */
		A97DAF8A24A36F4C00918952 /* Debug */ = {
			isa = XCBuildConfiguration;
			buildSettings = {
				ALWAYS_SEARCH_USER_PATHS = NO;
				CLANG_ANALYZER_NONNULL = YES;
				CLANG_ANALYZER_NUMBER_OBJECT_CONVERSION = YES_AGGRESSIVE;
				CLANG_CXX_LANGUAGE_STANDARD = "gnu++14";
				CLANG_CXX_LIBRARY = "libc++";
				CLANG_ENABLE_MODULES = YES;
				CLANG_ENABLE_OBJC_ARC = YES;
				CLANG_ENABLE_OBJC_WEAK = YES;
				CLANG_WARN_BLOCK_CAPTURE_AUTORELEASING = YES;
				CLANG_WARN_BOOL_CONVERSION = YES;
				CLANG_WARN_COMMA = YES;
				CLANG_WARN_CONSTANT_CONVERSION = YES;
				CLANG_WARN_DEPRECATED_OBJC_IMPLEMENTATIONS = YES;
				CLANG_WARN_DIRECT_OBJC_ISA_USAGE = YES_ERROR;
				CLANG_WARN_DOCUMENTATION_COMMENTS = YES;
				CLANG_WARN_EMPTY_BODY = YES;
				CLANG_WARN_ENUM_CONVERSION = YES;
				CLANG_WARN_INFINITE_RECURSION = YES;
				CLANG_WARN_INT_CONVERSION = YES;
				CLANG_WARN_NON_LITERAL_NULL_CONVERSION = YES;
				CLANG_WARN_OBJC_IMPLICIT_RETAIN_SELF = YES;
				CLANG_WARN_OBJC_LITERAL_CONVERSION = YES;
				CLANG_WARN_OBJC_ROOT_CLASS = YES_ERROR;
				CLANG_WARN_QUOTED_INCLUDE_IN_FRAMEWORK_HEADER = YES;
				CLANG_WARN_RANGE_LOOP_ANALYSIS = YES;
				CLANG_WARN_STRICT_PROTOTYPES = YES;
				CLANG_WARN_SUSPICIOUS_MOVE = YES;
				CLANG_WARN_UNGUARDED_AVAILABILITY = YES_AGGRESSIVE;
				CLANG_WARN_UNREACHABLE_CODE = YES;
				CLANG_WARN__DUPLICATE_METHOD_MATCH = YES;
				COPY_PHASE_STRIP = NO;
				DEBUG_INFORMATION_FORMAT = dwarf;
				ENABLE_STRICT_OBJC_MSGSEND = YES;
				ENABLE_TESTABILITY = YES;
				GCC_C_LANGUAGE_STANDARD = gnu11;
				GCC_DYNAMIC_NO_PIC = NO;
				GCC_NO_COMMON_BLOCKS = YES;
				GCC_OPTIMIZATION_LEVEL = 0;
				GCC_PREPROCESSOR_DEFINITIONS = (
					"DEBUG=1",
					"$(inherited)",
				);
				GCC_WARN_64_TO_32_BIT_CONVERSION = YES;
				GCC_WARN_ABOUT_RETURN_TYPE = YES_ERROR;
				GCC_WARN_UNDECLARED_SELECTOR = YES;
				GCC_WARN_UNINITIALIZED_AUTOS = YES_AGGRESSIVE;
				GCC_WARN_UNUSED_FUNCTION = YES;
				GCC_WARN_UNUSED_VARIABLE = YES;
				MTL_ENABLE_DEBUG_INFO = INCLUDE_SOURCE;
				MTL_FAST_MATH = YES;
				ONLY_ACTIVE_ARCH = YES;
				SWIFT_ACTIVE_COMPILATION_CONDITIONS = DEBUG;
				SWIFT_OPTIMIZATION_LEVEL = "-Onone";
			};
			name = Debug;
		};
		A97DAF8B24A36F4C00918952 /* Release */ = {
			isa = XCBuildConfiguration;
			buildSettings = {
				ALWAYS_SEARCH_USER_PATHS = NO;
				CLANG_ANALYZER_NONNULL = YES;
				CLANG_ANALYZER_NUMBER_OBJECT_CONVERSION = YES_AGGRESSIVE;
				CLANG_CXX_LANGUAGE_STANDARD = "gnu++14";
				CLANG_CXX_LIBRARY = "libc++";
				CLANG_ENABLE_MODULES = YES;
				CLANG_ENABLE_OBJC_ARC = YES;
				CLANG_ENABLE_OBJC_WEAK = YES;
				CLANG_WARN_BLOCK_CAPTURE_AUTORELEASING = YES;
				CLANG_WARN_BOOL_CONVERSION = YES;
				CLANG_WARN_COMMA = YES;
				CLANG_WARN_CONSTANT_CONVERSION = YES;
				CLANG_WARN_DEPRECATED_OBJC_IMPLEMENTATIONS = YES;
				CLANG_WARN_DIRECT_OBJC_ISA_USAGE = YES_ERROR;
				CLANG_WARN_DOCUMENTATION_COMMENTS = YES;
				CLANG_WARN_EMPTY_BODY = YES;
				CLANG_WARN_ENUM_CONVERSION = YES;
				CLANG_WARN_INFINITE_RECURSION = YES;
				CLANG_WARN_INT_CONVERSION = YES;
				CLANG_WARN_NON_LITERAL_NULL_CONVERSION = YES;
				CLANG_WARN_OBJC_IMPLICIT_RETAIN_SELF = YES;
				CLANG_WARN_OBJC_LITERAL_CONVERSION = YES;
				CLANG_WARN_OBJC_ROOT_CLASS = YES_ERROR;
				CLANG_WARN_QUOTED_INCLUDE_IN_FRAMEWORK_HEADER = YES;
				CLANG_WARN_RANGE_LOOP_ANALYSIS = YES;
				CLANG_WARN_STRICT_PROTOTYPES = YES;
				CLANG_WARN_SUSPICIOUS_MOVE = YES;
				CLANG_WARN_UNGUARDED_AVAILABILITY = YES_AGGRESSIVE;
				CLANG_WARN_UNREACHABLE_CODE = YES;
				CLANG_WARN__DUPLICATE_METHOD_MATCH = YES;
				COPY_PHASE_STRIP = NO;
				DEBUG_INFORMATION_FORMAT = "dwarf-with-dsym";
				ENABLE_NS_ASSERTIONS = NO;
				ENABLE_STRICT_OBJC_MSGSEND = YES;
				GCC_C_LANGUAGE_STANDARD = gnu11;
				GCC_NO_COMMON_BLOCKS = YES;
				GCC_WARN_64_TO_32_BIT_CONVERSION = YES;
				GCC_WARN_ABOUT_RETURN_TYPE = YES_ERROR;
				GCC_WARN_UNDECLARED_SELECTOR = YES;
				GCC_WARN_UNINITIALIZED_AUTOS = YES_AGGRESSIVE;
				GCC_WARN_UNUSED_FUNCTION = YES;
				GCC_WARN_UNUSED_VARIABLE = YES;
				MTL_ENABLE_DEBUG_INFO = NO;
				MTL_FAST_MATH = YES;
				SWIFT_COMPILATION_MODE = wholemodule;
				SWIFT_OPTIMIZATION_LEVEL = "-O";
			};
			name = Release;
		};
		A97DAF8D24A36F4C00918952 /* Debug */ = {
			isa = XCBuildConfiguration;
			buildSettings = {
				ASSETCATALOG_COMPILER_APPICON_NAME = AppIcon;
				ASSETCATALOG_COMPILER_GLOBAL_ACCENT_COLOR_NAME = AccentColor;
				CODE_SIGN_STYLE = Automatic;
				DEVELOPMENT_TEAM = T3K58FE38R;
				ENABLE_PREVIEWS = YES;
				INFOPLIST_FILE = iOS/Info.plist;
				IPHONEOS_DEPLOYMENT_TARGET = 14.0;
				LD_RUNPATH_SEARCH_PATHS = (
					"$(inherited)",
					"@executable_path/Frameworks",
				);
				PRODUCT_BUNDLE_IDENTIFIER = eleev.astemir.GridCompositionalView;
				PRODUCT_NAME = GridCompositionalView;
				SDKROOT = iphoneos;
				SWIFT_VERSION = 5.0;
				TARGETED_DEVICE_FAMILY = "1,2";
			};
			name = Debug;
		};
		A97DAF8E24A36F4C00918952 /* Release */ = {
			isa = XCBuildConfiguration;
			buildSettings = {
				ASSETCATALOG_COMPILER_APPICON_NAME = AppIcon;
				ASSETCATALOG_COMPILER_GLOBAL_ACCENT_COLOR_NAME = AccentColor;
				CODE_SIGN_STYLE = Automatic;
				DEVELOPMENT_TEAM = T3K58FE38R;
				ENABLE_PREVIEWS = YES;
				INFOPLIST_FILE = iOS/Info.plist;
				IPHONEOS_DEPLOYMENT_TARGET = 14.0;
				LD_RUNPATH_SEARCH_PATHS = (
					"$(inherited)",
					"@executable_path/Frameworks",
				);
				PRODUCT_BUNDLE_IDENTIFIER = eleev.astemir.GridCompositionalView;
				PRODUCT_NAME = GridCompositionalView;
				SDKROOT = iphoneos;
				SWIFT_VERSION = 5.0;
				TARGETED_DEVICE_FAMILY = "1,2";
				VALIDATE_PRODUCT = YES;
			};
			name = Release;
		};
		A97DAF9024A36F4C00918952 /* Debug */ = {
			isa = XCBuildConfiguration;
			buildSettings = {
				ASSETCATALOG_COMPILER_APPICON_NAME = AppIcon;
				ASSETCATALOG_COMPILER_GLOBAL_ACCENT_COLOR_NAME = AccentColor;
				CODE_SIGN_ENTITLEMENTS = macOS/macOS.entitlements;
				CODE_SIGN_STYLE = Automatic;
				COMBINE_HIDPI_IMAGES = YES;
				DEVELOPMENT_TEAM = T3K58FE38R;
				ENABLE_HARDENED_RUNTIME = YES;
				ENABLE_PREVIEWS = YES;
				INFOPLIST_FILE = macOS/Info.plist;
				LD_RUNPATH_SEARCH_PATHS = (
					"$(inherited)",
					"@executable_path/../Frameworks",
				);
				MACOSX_DEPLOYMENT_TARGET = 10.16;
				PRODUCT_BUNDLE_IDENTIFIER = eleev.astemir.GridCompositionalView;
				PRODUCT_NAME = GridCompositionalView;
				SDKROOT = macosx;
				SWIFT_VERSION = 5.0;
			};
			name = Debug;
		};
		A97DAF9124A36F4C00918952 /* Release */ = {
			isa = XCBuildConfiguration;
			buildSettings = {
				ASSETCATALOG_COMPILER_APPICON_NAME = AppIcon;
				ASSETCATALOG_COMPILER_GLOBAL_ACCENT_COLOR_NAME = AccentColor;
				CODE_SIGN_ENTITLEMENTS = macOS/macOS.entitlements;
				CODE_SIGN_STYLE = Automatic;
				COMBINE_HIDPI_IMAGES = YES;
				DEVELOPMENT_TEAM = T3K58FE38R;
				ENABLE_HARDENED_RUNTIME = YES;
				ENABLE_PREVIEWS = YES;
				INFOPLIST_FILE = macOS/Info.plist;
				LD_RUNPATH_SEARCH_PATHS = (
					"$(inherited)",
					"@executable_path/../Frameworks",
				);
				MACOSX_DEPLOYMENT_TARGET = 10.16;
				PRODUCT_BUNDLE_IDENTIFIER = eleev.astemir.GridCompositionalView;
				PRODUCT_NAME = GridCompositionalView;
				SDKROOT = macosx;
				SWIFT_VERSION = 5.0;
			};
			name = Release;
		};
		A97DAF9324A36F4C00918952 /* Debug */ = {
			isa = XCBuildConfiguration;
			buildSettings = {
				ALWAYS_EMBED_SWIFT_STANDARD_LIBRARIES = YES;
				CODE_SIGN_STYLE = Automatic;
				DEVELOPMENT_TEAM = T3K58FE38R;
				INFOPLIST_FILE = "Tests iOS/Info.plist";
				IPHONEOS_DEPLOYMENT_TARGET = 14.0;
				LD_RUNPATH_SEARCH_PATHS = (
					"$(inherited)",
					"@executable_path/Frameworks",
					"@loader_path/Frameworks",
				);
				PRODUCT_BUNDLE_IDENTIFIER = "eleev.astemir.Tests-iOS";
				PRODUCT_NAME = "$(TARGET_NAME)";
				SDKROOT = iphoneos;
				SWIFT_VERSION = 5.0;
				TARGETED_DEVICE_FAMILY = "1,2";
				TEST_TARGET_NAME = iOS;
			};
			name = Debug;
		};
		A97DAF9424A36F4C00918952 /* Release */ = {
			isa = XCBuildConfiguration;
			buildSettings = {
				ALWAYS_EMBED_SWIFT_STANDARD_LIBRARIES = YES;
				CODE_SIGN_STYLE = Automatic;
				DEVELOPMENT_TEAM = T3K58FE38R;
				INFOPLIST_FILE = "Tests iOS/Info.plist";
				IPHONEOS_DEPLOYMENT_TARGET = 14.0;
				LD_RUNPATH_SEARCH_PATHS = (
					"$(inherited)",
					"@executable_path/Frameworks",
					"@loader_path/Frameworks",
				);
				PRODUCT_BUNDLE_IDENTIFIER = "eleev.astemir.Tests-iOS";
				PRODUCT_NAME = "$(TARGET_NAME)";
				SDKROOT = iphoneos;
				SWIFT_VERSION = 5.0;
				TARGETED_DEVICE_FAMILY = "1,2";
				TEST_TARGET_NAME = iOS;
				VALIDATE_PRODUCT = YES;
			};
			name = Release;
		};
		A97DAF9624A36F4C00918952 /* Debug */ = {
			isa = XCBuildConfiguration;
			buildSettings = {
				ALWAYS_EMBED_SWIFT_STANDARD_LIBRARIES = YES;
				CODE_SIGN_STYLE = Automatic;
				COMBINE_HIDPI_IMAGES = YES;
				DEVELOPMENT_TEAM = T3K58FE38R;
				INFOPLIST_FILE = "Tests macOS/Info.plist";
				LD_RUNPATH_SEARCH_PATHS = (
					"$(inherited)",
					"@executable_path/../Frameworks",
					"@loader_path/../Frameworks",
				);
				MACOSX_DEPLOYMENT_TARGET = 10.15;
				PRODUCT_BUNDLE_IDENTIFIER = "eleev.astemir.Tests-macOS";
				PRODUCT_NAME = "$(TARGET_NAME)";
				SDKROOT = macosx;
				SWIFT_VERSION = 5.0;
				TEST_TARGET_NAME = macOS;
			};
			name = Debug;
		};
		A97DAF9724A36F4C00918952 /* Release */ = {
			isa = XCBuildConfiguration;
			buildSettings = {
				ALWAYS_EMBED_SWIFT_STANDARD_LIBRARIES = YES;
				CODE_SIGN_STYLE = Automatic;
				COMBINE_HIDPI_IMAGES = YES;
				DEVELOPMENT_TEAM = T3K58FE38R;
				INFOPLIST_FILE = "Tests macOS/Info.plist";
				LD_RUNPATH_SEARCH_PATHS = (
					"$(inherited)",
					"@executable_path/../Frameworks",
					"@loader_path/../Frameworks",
				);
				MACOSX_DEPLOYMENT_TARGET = 10.15;
				PRODUCT_BUNDLE_IDENTIFIER = "eleev.astemir.Tests-macOS";
				PRODUCT_NAME = "$(TARGET_NAME)";
				SDKROOT = macosx;
				SWIFT_VERSION = 5.0;
				TEST_TARGET_NAME = macOS;
			};
			name = Release;
		};
/* End XCBuildConfiguration section */

/* Begin XCConfigurationList section */
		A97DAF5924A36F4B00918952 /* Build configuration list for PBXProject "GridCompositionalView" */ = {
			isa = XCConfigurationList;
			buildConfigurations = (
				A97DAF8A24A36F4C00918952 /* Debug */,
				A97DAF8B24A36F4C00918952 /* Release */,
			);
			defaultConfigurationIsVisible = 0;
			defaultConfigurationName = Release;
		};
		A97DAF8C24A36F4C00918952 /* Build configuration list for PBXNativeTarget "iOS" */ = {
			isa = XCConfigurationList;
			buildConfigurations = (
				A97DAF8D24A36F4C00918952 /* Debug */,
				A97DAF8E24A36F4C00918952 /* Release */,
			);
			defaultConfigurationIsVisible = 0;
			defaultConfigurationName = Release;
		};
		A97DAF8F24A36F4C00918952 /* Build configuration list for PBXNativeTarget "macOS" */ = {
			isa = XCConfigurationList;
			buildConfigurations = (
				A97DAF9024A36F4C00918952 /* Debug */,
				A97DAF9124A36F4C00918952 /* Release */,
			);
			defaultConfigurationIsVisible = 0;
			defaultConfigurationName = Release;
		};
		A97DAF9224A36F4C00918952 /* Build configuration list for PBXNativeTarget "Tests iOS" */ = {
			isa = XCConfigurationList;
			buildConfigurations = (
				A97DAF9324A36F4C00918952 /* Debug */,
				A97DAF9424A36F4C00918952 /* Release */,
			);
			defaultConfigurationIsVisible = 0;
			defaultConfigurationName = Release;
		};
		A97DAF9524A36F4C00918952 /* Build configuration list for PBXNativeTarget "Tests macOS" */ = {
			isa = XCConfigurationList;
			buildConfigurations = (
				A97DAF9624A36F4C00918952 /* Debug */,
				A97DAF9724A36F4C00918952 /* Release */,
			);
			defaultConfigurationIsVisible = 0;
			defaultConfigurationName = Release;
		};
/* End XCConfigurationList section */
	};
	rootObject = A97DAF5624A36F4B00918952 /* Project object */;
}
